{
  "nodes": {
    "flake-utils": {
      "locked": {
        "lastModified": 1676283394,
        "narHash": "sha256-XX2f9c3iySLCw54rJ/CZs+ZK6IQy7GXNY4nSOyu2QG4=",
        "owner": "numtide",
        "repo": "flake-utils",
        "rev": "3db36a8b464d0c4532ba1c7dda728f4576d6d073",
        "type": "github"
      },
      "original": {
        "owner": "numtide",
        "repo": "flake-utils",
        "type": "github"
      }
    },
    "nixpkgs": {
      "locked": {
        "lastModified": 1677230480,
        "narHash": "sha256-PBWNx8ZqBPP7LiOASi3gvjgVtXlczNTqPsXP6kIgCco=",
        "owner": "abbradar",
        "repo": "nixpkgs",
        "rev": "f62d61e842e94f807fb3f3f7ba355dd15762d9cf",
        "type": "github"
      },
      "original": {
        "owner": "abbradar",
        "ref": "ugractf",
        "repo": "nixpkgs",
        "type": "github"
      }
    },
    "root": {
      "inputs": {
        "flake-utils": "flake-utils",
        "nixpkgs": "nixpkgs"
      }
    }
  },
  "root": "root",
  "version": 7
}
